
Microsoft Visual Studio Solution File, Format Version 12.00
# Visual Studio Version 16
VisualStudioVersion = 16.0.31424.327
MinimumVisualStudioVersion = 10.0.40219.1
Project("{FAE04EC0-301F-11D3-BF4B-00C04F79EFBC}") = "ForsEncadeadosEX", "ForsEncadeadosEX\ForsEncadeadosEX.csproj", "{18E4C3C5-88C3-4A3C-9A55-1AC90CBC4E3E}"
EndProject
Global
	GlobalSection(SolutionConfigurationPlatforms) = preSolution
		Debug|Any CPU = Debug|Any CPU
		Release|Any CPU = Release|Any CPU
	EndGlobalSection
	GlobalSection(ProjectConfigurationPlatforms) = postSolution
		{18E4C3C5-88C3-4A3C-9A55-1AC90CBC4E3E}.Debug|Any CPU.ActiveCfg = Debug|Any CPU
		{18E4C3C5-88C3-4A3C-9A55-1AC90CBC4E3E}.Debug|Any CPU.Build.0 = Debug|Any CPU
		{18E4C3C5-88C3-4A3C-9A55-1AC90CBC4E3E}.Release|Any CPU.ActiveCfg = Release|Any CPU
		{18E4C3C5-88C3-4A3C-9A55-1AC90CBC4E3E}.Release|Any CPU.Build.0 = Release|Any CPU
	EndGlobalSection
	GlobalSection(SolutionProperties) = preSolution
		HideSolutionNode = FALSE
	EndGlobalSection
	GlobalSection(ExtensibilityGlobals) = postSolution
		SolutionGuid = {6DC29415-93FD-48DB-A552-B1D88DFB9D3F}
	EndGlobalSection
EndGlobal
