
Microsoft Visual Studio Solution File, Format Version 12.00
# Visual Studio Version 16
VisualStudioVersion = 16.0.31424.327
MinimumVisualStudioVersion = 10.0.40219.1
Project("{FAE04EC0-301F-11D3-BF4B-00C04F79EFBC}") = "ConsoleIOSteps", "ConsoleIOSteps\ConsoleIOSteps.csproj", "{6ECADA35-465B-421A-B842-0FC8B55F03B7}"
EndProject
Global
	GlobalSection(SolutionConfigurationPlatforms) = preSolution
		Debug|Any CPU = Debug|Any CPU
		Release|Any CPU = Release|Any CPU
	EndGlobalSection
	GlobalSection(ProjectConfigurationPlatforms) = postSolution
		{6ECADA35-465B-421A-B842-0FC8B55F03B7}.Debug|Any CPU.ActiveCfg = Debug|Any CPU
		{6ECADA35-465B-421A-B842-0FC8B55F03B7}.Debug|Any CPU.Build.0 = Debug|Any CPU
		{6ECADA35-465B-421A-B842-0FC8B55F03B7}.Release|Any CPU.ActiveCfg = Release|Any CPU
		{6ECADA35-465B-421A-B842-0FC8B55F03B7}.Release|Any CPU.Build.0 = Release|Any CPU
	EndGlobalSection
	GlobalSection(SolutionProperties) = preSolution
		HideSolutionNode = FALSE
	EndGlobalSection
	GlobalSection(ExtensibilityGlobals) = postSolution
		SolutionGuid = {08F859B9-0739-4FD6-B74D-7B15000DCA63}
	EndGlobalSection
EndGlobal
